// !$*UTF8*$!
{
	archiveVersion = 1;
	classes = {
	};
	objectVersion = 46;
	objects = {

/* Begin PBXBuildFile section */
		2B2957D984A1A5358330F657 /* libPods-XXiOSProject.a in Frameworks */ = {isa = PBXBuildFile; fileRef = 13A3B9E386F26568EE1A4252 /* libPods-XXiOSProject.a */; };
		8E95DC151EF10B8E00248A32 /* .gitkeep in Resources */ = {isa = PBXBuildFile; fileRef = 8E95DC141EF10B8E00248A32 /* .gitkeep */; };
		8E95DC281EF10C7100248A32 /* .gitkeep in Resources */ = {isa = PBXBuildFile; fileRef = 8E95DC1E1EF10C7100248A32 /* .gitkeep */; };
		8E95DC291EF10C7100248A32 /* .gitkeep in Resources */ = {isa = PBXBuildFile; fileRef = 8E95DC201EF10C7100248A32 /* .gitkeep */; };
		8E95DC2B1EF10C7100248A32 /* .gitkeep in Resources */ = {isa = PBXBuildFile; fileRef = 8E95DC241EF10C7100248A32 /* .gitkeep */; };
		8E95DC351EF10F6B00248A32 /* XXBaseClass.m in Sources */ = {isa = PBXBuildFile; fileRef = 8E95DC341EF10F6B00248A32 /* XXBaseClass.m */; };
		8E95DC3B1EF10F8200248A32 /* XXNavigationControllerManager.m in Sources */ = {isa = PBXBuildFile; fileRef = 8E95DC381EF10F8200248A32 /* XXNavigationControllerManager.m */; };
		8E95DC3C1EF10F8200248A32 /* XXTabBarControllerManager.m in Sources */ = {isa = PBXBuildFile; fileRef = 8E95DC3A1EF10F8200248A32 /* XXTabBarControllerManager.m */; };
		8E95DC3F1EF10FC900248A32 /* AppDelegate+XXHelper.m in Sources */ = {isa = PBXBuildFile; fileRef = 8E95DC3E1EF10FC900248A32 /* AppDelegate+XXHelper.m */; };
		8E95DC421EF1127D00248A32 /* XXResource.m in Sources */ = {isa = PBXBuildFile; fileRef = 8E95DC411EF1127D00248A32 /* XXResource.m */; };
		8E95DC451EF113CF00248A32 /* XXConst.m in Sources */ = {isa = PBXBuildFile; fileRef = 8E95DC441EF113CF00248A32 /* XXConst.m */; };
		8EA01F8A1EFCBBE400353789 /* UIImage+Color.m in Sources */ = {isa = PBXBuildFile; fileRef = 8EA01F891EFCBBE400353789 /* UIImage+Color.m */; };
		8EF0E77B1EEA822D00A04F82 /* main.m in Sources */ = {isa = PBXBuildFile; fileRef = 8EF0E77A1EEA822D00A04F82 /* main.m */; };
		8EF0E77E1EEA822D00A04F82 /* AppDelegate.m in Sources */ = {isa = PBXBuildFile; fileRef = 8EF0E77D1EEA822D00A04F82 /* AppDelegate.m */; };
		8EF0E7861EEA822D00A04F82 /* Assets.xcassets in Resources */ = {isa = PBXBuildFile; fileRef = 8EF0E7851EEA822D00A04F82 /* Assets.xcassets */; };
		8EF0E7891EEA822D00A04F82 /* LaunchScreen.storyboard in Resources */ = {isa = PBXBuildFile; fileRef = 8EF0E7871EEA822D00A04F82 /* LaunchScreen.storyboard */; };
		8EF0E7941EEA822D00A04F82 /* XXiOSProjectTests.m in Sources */ = {isa = PBXBuildFile; fileRef = 8EF0E7931EEA822D00A04F82 /* XXiOSProjectTests.m */; };
		8EF0E79F1EEA822E00A04F82 /* XXiOSProjectUITests.m in Sources */ = {isa = PBXBuildFile; fileRef = 8EF0E79E1EEA822E00A04F82 /* XXiOSProjectUITests.m */; };
		8EF0E7C51EEA9CB700A04F82 /* XXBeelinMainController.m in Sources */ = {isa = PBXBuildFile; fileRef = 8EF0E7C41EEA9CB700A04F82 /* XXBeelinMainController.m */; };
		8EF0E7C81EEA9CCB00A04F82 /* XXHanlMainController.m in Sources */ = {isa = PBXBuildFile; fileRef = 8EF0E7C71EEA9CCB00A04F82 /* XXHanlMainController.m */; };
		8EF0E7CB1EEA9CDA00A04F82 /* XXLucasMainController.m in Sources */ = {isa = PBXBuildFile; fileRef = 8EF0E7CA1EEA9CDA00A04F82 /* XXLucasMainController.m */; };
/* End PBXBuildFile section */

/* Begin PBXContainerItemProxy section */
		8EF0E7901EEA822D00A04F82 /* PBXContainerItemProxy */ = {
			isa = PBXContainerItemProxy;
			containerPortal = 8EF0E76E1EEA822D00A04F82 /* Project object */;
			proxyType = 1;
			remoteGlobalIDString = 8EF0E7751EEA822D00A04F82;
			remoteInfo = XXiOSProject;
		};
		8EF0E79B1EEA822E00A04F82 /* PBXContainerItemProxy */ = {
			isa = PBXContainerItemProxy;
			containerPortal = 8EF0E76E1EEA822D00A04F82 /* Project object */;
			proxyType = 1;
			remoteGlobalIDString = 8EF0E7751EEA822D00A04F82;
			remoteInfo = XXiOSProject;
		};
/* End PBXContainerItemProxy section */

/* Begin PBXFileReference section */
		13A3B9E386F26568EE1A4252 /* libPods-XXiOSProject.a */ = {isa = PBXFileReference; explicitFileType = archive.ar; includeInIndex = 0; path = "libPods-XXiOSProject.a"; sourceTree = BUILT_PRODUCTS_DIR; };
		88B1A296F7304A9BAE15F716 /* Pods-XXiOSProject.release.xcconfig */ = {isa = PBXFileReference; includeInIndex = 1; lastKnownFileType = text.xcconfig; name = "Pods-XXiOSProject.release.xcconfig"; path = "Pods/Target Support Files/Pods-XXiOSProject/Pods-XXiOSProject.release.xcconfig"; sourceTree = "<group>"; };
		8E95DC141EF10B8E00248A32 /* .gitkeep */ = {isa = PBXFileReference; fileEncoding = 4; lastKnownFileType = text; path = .gitkeep; sourceTree = "<group>"; };
		8E95DC1E1EF10C7100248A32 /* .gitkeep */ = {isa = PBXFileReference; fileEncoding = 4; lastKnownFileType = text; path = .gitkeep; sourceTree = "<group>"; };
		8E95DC201EF10C7100248A32 /* .gitkeep */ = {isa = PBXFileReference; fileEncoding = 4; lastKnownFileType = text; path = .gitkeep; sourceTree = "<group>"; };
		8E95DC241EF10C7100248A32 /* .gitkeep */ = {isa = PBXFileReference; fileEncoding = 4; lastKnownFileType = text; path = .gitkeep; sourceTree = "<group>"; };
		8E95DC331EF10F6B00248A32 /* XXBaseClass.h */ = {isa = PBXFileReference; fileEncoding = 4; lastKnownFileType = sourcecode.c.h; path = XXBaseClass.h; sourceTree = "<group>"; };
		8E95DC341EF10F6B00248A32 /* XXBaseClass.m */ = {isa = PBXFileReference; fileEncoding = 4; lastKnownFileType = sourcecode.c.objc; path = XXBaseClass.m; sourceTree = "<group>"; };
		8E95DC371EF10F8200248A32 /* XXNavigationControllerManager.h */ = {isa = PBXFileReference; fileEncoding = 4; lastKnownFileType = sourcecode.c.h; path = XXNavigationControllerManager.h; sourceTree = "<group>"; };
		8E95DC381EF10F8200248A32 /* XXNavigationControllerManager.m */ = {isa = PBXFileReference; fileEncoding = 4; lastKnownFileType = sourcecode.c.objc; path = XXNavigationControllerManager.m; sourceTree = "<group>"; };
		8E95DC391EF10F8200248A32 /* XXTabBarControllerManager.h */ = {isa = PBXFileReference; fileEncoding = 4; lastKnownFileType = sourcecode.c.h; path = XXTabBarControllerManager.h; sourceTree = "<group>"; };
		8E95DC3A1EF10F8200248A32 /* XXTabBarControllerManager.m */ = {isa = PBXFileReference; fileEncoding = 4; lastKnownFileType = sourcecode.c.objc; path = XXTabBarControllerManager.m; sourceTree = "<group>"; };
		8E95DC3D1EF10FC900248A32 /* AppDelegate+XXHelper.h */ = {isa = PBXFileReference; fileEncoding = 4; lastKnownFileType = sourcecode.c.h; path = "AppDelegate+XXHelper.h"; sourceTree = "<group>"; };
		8E95DC3E1EF10FC900248A32 /* AppDelegate+XXHelper.m */ = {isa = PBXFileReference; fileEncoding = 4; lastKnownFileType = sourcecode.c.objc; path = "AppDelegate+XXHelper.m"; sourceTree = "<group>"; };
		8E95DC401EF1127D00248A32 /* XXResource.h */ = {isa = PBXFileReference; fileEncoding = 4; lastKnownFileType = sourcecode.c.h; path = XXResource.h; sourceTree = "<group>"; };
		8E95DC411EF1127D00248A32 /* XXResource.m */ = {isa = PBXFileReference; fileEncoding = 4; lastKnownFileType = sourcecode.c.objc; path = XXResource.m; sourceTree = "<group>"; };
		8E95DC431EF113CF00248A32 /* XXConst.h */ = {isa = PBXFileReference; fileEncoding = 4; lastKnownFileType = sourcecode.c.h; path = XXConst.h; sourceTree = "<group>"; };
		8E95DC441EF113CF00248A32 /* XXConst.m */ = {isa = PBXFileReference; fileEncoding = 4; lastKnownFileType = sourcecode.c.objc; path = XXConst.m; sourceTree = "<group>"; };
		8E95DC461EF113F300248A32 /* XXMacros.h */ = {isa = PBXFileReference; lastKnownFileType = sourcecode.c.h; path = XXMacros.h; sourceTree = "<group>"; };
		8E95DC471EF1143100248A32 /* SwizzlingDefine.h */ = {isa = PBXFileReference; lastKnownFileType = sourcecode.c.h; path = SwizzlingDefine.h; sourceTree = "<group>"; };
		8EA01F881EFCBBE400353789 /* UIImage+Color.h */ = {isa = PBXFileReference; fileEncoding = 4; lastKnownFileType = sourcecode.c.h; path = "UIImage+Color.h"; sourceTree = "<group>"; };
		8EA01F891EFCBBE400353789 /* UIImage+Color.m */ = {isa = PBXFileReference; fileEncoding = 4; lastKnownFileType = sourcecode.c.objc; path = "UIImage+Color.m"; sourceTree = "<group>"; };
		8EF0E7761EEA822D00A04F82 /* XXiOSProject.app */ = {isa = PBXFileReference; explicitFileType = wrapper.application; includeInIndex = 0; path = XXiOSProject.app; sourceTree = BUILT_PRODUCTS_DIR; };
		8EF0E77A1EEA822D00A04F82 /* main.m */ = {isa = PBXFileReference; lastKnownFileType = sourcecode.c.objc; path = main.m; sourceTree = "<group>"; };
		8EF0E77C1EEA822D00A04F82 /* AppDelegate.h */ = {isa = PBXFileReference; lastKnownFileType = sourcecode.c.h; name = AppDelegate.h; path = XXiOSProject/AppDelegate.h; sourceTree = SOURCE_ROOT; };
		8EF0E77D1EEA822D00A04F82 /* AppDelegate.m */ = {isa = PBXFileReference; lastKnownFileType = sourcecode.c.objc; name = AppDelegate.m; path = XXiOSProject/AppDelegate.m; sourceTree = SOURCE_ROOT; };
		8EF0E7851EEA822D00A04F82 /* Assets.xcassets */ = {isa = PBXFileReference; lastKnownFileType = folder.assetcatalog; name = Assets.xcassets; path = ../Assets.xcassets; sourceTree = "<group>"; };
		8EF0E7881EEA822D00A04F82 /* Base */ = {isa = PBXFileReference; lastKnownFileType = file.storyboard; name = Base; path = Base.lproj/LaunchScreen.storyboard; sourceTree = "<group>"; };
		8EF0E78A1EEA822D00A04F82 /* Info.plist */ = {isa = PBXFileReference; lastKnownFileType = text.plist.xml; path = Info.plist; sourceTree = "<group>"; };
		8EF0E78F1EEA822D00A04F82 /* XXiOSProjectTests.xctest */ = {isa = PBXFileReference; explicitFileType = wrapper.cfbundle; includeInIndex = 0; path = XXiOSProjectTests.xctest; sourceTree = BUILT_PRODUCTS_DIR; };
		8EF0E7931EEA822D00A04F82 /* XXiOSProjectTests.m */ = {isa = PBXFileReference; lastKnownFileType = sourcecode.c.objc; path = XXiOSProjectTests.m; sourceTree = "<group>"; };
		8EF0E7951EEA822D00A04F82 /* Info.plist */ = {isa = PBXFileReference; lastKnownFileType = text.plist.xml; path = Info.plist; sourceTree = "<group>"; };
		8EF0E79A1EEA822E00A04F82 /* XXiOSProjectUITests.xctest */ = {isa = PBXFileReference; explicitFileType = wrapper.cfbundle; includeInIndex = 0; path = XXiOSProjectUITests.xctest; sourceTree = BUILT_PRODUCTS_DIR; };
		8EF0E79E1EEA822E00A04F82 /* XXiOSProjectUITests.m */ = {isa = PBXFileReference; lastKnownFileType = sourcecode.c.objc; path = XXiOSProjectUITests.m; sourceTree = "<group>"; };
		8EF0E7A01EEA822E00A04F82 /* Info.plist */ = {isa = PBXFileReference; lastKnownFileType = text.plist.xml; path = Info.plist; sourceTree = "<group>"; };
		8EF0E7C31EEA9CB700A04F82 /* XXBeelinMainController.h */ = {isa = PBXFileReference; fileEncoding = 4; lastKnownFileType = sourcecode.c.h; path = XXBeelinMainController.h; sourceTree = "<group>"; };
		8EF0E7C41EEA9CB700A04F82 /* XXBeelinMainController.m */ = {isa = PBXFileReference; fileEncoding = 4; lastKnownFileType = sourcecode.c.objc; path = XXBeelinMainController.m; sourceTree = "<group>"; };
		8EF0E7C61EEA9CCB00A04F82 /* XXHanlMainController.h */ = {isa = PBXFileReference; fileEncoding = 4; lastKnownFileType = sourcecode.c.h; path = XXHanlMainController.h; sourceTree = "<group>"; };
		8EF0E7C71EEA9CCB00A04F82 /* XXHanlMainController.m */ = {isa = PBXFileReference; fileEncoding = 4; lastKnownFileType = sourcecode.c.objc; path = XXHanlMainController.m; sourceTree = "<group>"; };
		8EF0E7C91EEA9CDA00A04F82 /* XXLucasMainController.h */ = {isa = PBXFileReference; fileEncoding = 4; lastKnownFileType = sourcecode.c.h; path = XXLucasMainController.h; sourceTree = "<group>"; };
		8EF0E7CA1EEA9CDA00A04F82 /* XXLucasMainController.m */ = {isa = PBXFileReference; fileEncoding = 4; lastKnownFileType = sourcecode.c.objc; path = XXLucasMainController.m; sourceTree = "<group>"; };
		9B9B3A45A6C8C18B55A44821 /* Pods-XXiOSProject.debug.xcconfig */ = {isa = PBXFileReference; includeInIndex = 1; lastKnownFileType = text.xcconfig; name = "Pods-XXiOSProject.debug.xcconfig"; path = "Pods/Target Support Files/Pods-XXiOSProject/Pods-XXiOSProject.debug.xcconfig"; sourceTree = "<group>"; };
/* End PBXFileReference section */

/* Begin PBXFrameworksBuildPhase section */
		8EF0E7731EEA822D00A04F82 /* Frameworks */ = {
			isa = PBXFrameworksBuildPhase;
			buildActionMask = 2147483647;
			files = (
				2B2957D984A1A5358330F657 /* libPods-XXiOSProject.a in Frameworks */,
			);
			runOnlyForDeploymentPostprocessing = 0;
		};
		8EF0E78C1EEA822D00A04F82 /* Frameworks */ = {
			isa = PBXFrameworksBuildPhase;
			buildActionMask = 2147483647;
			files = (
			);
			runOnlyForDeploymentPostprocessing = 0;
		};
		8EF0E7971EEA822E00A04F82 /* Frameworks */ = {
			isa = PBXFrameworksBuildPhase;
			buildActionMask = 2147483647;
			files = (
			);
			runOnlyForDeploymentPostprocessing = 0;
		};
/* End PBXFrameworksBuildPhase section */

/* Begin PBXGroup section */
		7A04C787FD4EAB76753F81EE /* Pods */ = {
			isa = PBXGroup;
			children = (
				9B9B3A45A6C8C18B55A44821 /* Pods-XXiOSProject.debug.xcconfig */,
				88B1A296F7304A9BAE15F716 /* Pods-XXiOSProject.release.xcconfig */,
			);
			name = Pods;
			sourceTree = "<group>";
		};
		8E95DC0B1EF1095F00248A32 /* AppDelegate */ = {
			isa = PBXGroup;
			children = (
				8EF0E77C1EEA822D00A04F82 /* AppDelegate.h */,
				8EF0E77D1EEA822D00A04F82 /* AppDelegate.m */,
				8E95DC3D1EF10FC900248A32 /* AppDelegate+XXHelper.h */,
				8E95DC3E1EF10FC900248A32 /* AppDelegate+XXHelper.m */,
			);
			path = AppDelegate;
			sourceTree = "<group>";
		};
		8E95DC0F1EF10B0400248A32 /* Manager */ = {
			isa = PBXGroup;
			children = (
				8E95DC361EF10F8200248A32 /* Main */,
			);
			path = Manager;
			sourceTree = "<group>";
		};
		8E95DC131EF10B8E00248A32 /* Vendor */ = {
			isa = PBXGroup;
			children = (
				8E95DC141EF10B8E00248A32 /* .gitkeep */,
			);
			path = Vendor;
			sourceTree = "<group>";
		};
		8E95DC161EF10BAA00248A32 /* Resource */ = {
			isa = PBXGroup;
			children = (
				8EF0E7851EEA822D00A04F82 /* Assets.xcassets */,
				8E95DC401EF1127D00248A32 /* XXResource.h */,
				8E95DC411EF1127D00248A32 /* XXResource.m */,
			);
			path = Resource;
			sourceTree = "<group>";
		};
		8E95DC171EF10C7100248A32 /* Utils */ = {
			isa = PBXGroup;
			children = (
				8E95DC191EF10C7100248A32 /* BaseClass */,
				8E95DC1B1EF10C7100248A32 /* Category */,
				8E95DC1D1EF10C7100248A32 /* Controls */,
				8E95DC1F1EF10C7100248A32 /* DataBase */,
				8E95DC211EF10C7100248A32 /* Global */,
				8E95DC231EF10C7100248A32 /* NetWork */,
			);
			path = Utils;
			sourceTree = "<group>";
		};
		8E95DC191EF10C7100248A32 /* BaseClass */ = {
			isa = PBXGroup;
			children = (
				8E95DC331EF10F6B00248A32 /* XXBaseClass.h */,
				8E95DC341EF10F6B00248A32 /* XXBaseClass.m */,
			);
			path = BaseClass;
			sourceTree = "<group>";
		};
		8E95DC1B1EF10C7100248A32 /* Category */ = {
			isa = PBXGroup;
			children = (
				8EA01F871EFCBB2E00353789 /* UIImage */,
			);
			path = Category;
			sourceTree = "<group>";
		};
		8E95DC1D1EF10C7100248A32 /* Controls */ = {
			isa = PBXGroup;
			children = (
				8E95DC1E1EF10C7100248A32 /* .gitkeep */,
			);
			path = Controls;
			sourceTree = "<group>";
		};
		8E95DC1F1EF10C7100248A32 /* DataBase */ = {
			isa = PBXGroup;
			children = (
				8E95DC201EF10C7100248A32 /* .gitkeep */,
			);
			path = DataBase;
			sourceTree = "<group>";
		};
		8E95DC211EF10C7100248A32 /* Global */ = {
			isa = PBXGroup;
			children = (
				8E95DC461EF113F300248A32 /* XXMacros.h */,
				8E95DC431EF113CF00248A32 /* XXConst.h */,
				8E95DC441EF113CF00248A32 /* XXConst.m */,
				8E95DC471EF1143100248A32 /* SwizzlingDefine.h */,
			);
			path = Global;
			sourceTree = "<group>";
		};
		8E95DC231EF10C7100248A32 /* NetWork */ = {
			isa = PBXGroup;
			children = (
				8E95DC241EF10C7100248A32 /* .gitkeep */,
			);
			path = NetWork;
			sourceTree = "<group>";
		};
		8E95DC361EF10F8200248A32 /* Main */ = {
			isa = PBXGroup;
			children = (
				8E95DC371EF10F8200248A32 /* XXNavigationControllerManager.h */,
				8E95DC381EF10F8200248A32 /* XXNavigationControllerManager.m */,
				8E95DC391EF10F8200248A32 /* XXTabBarControllerManager.h */,
				8E95DC3A1EF10F8200248A32 /* XXTabBarControllerManager.m */,
			);
			path = Main;
			sourceTree = "<group>";
		};
		8EA01F871EFCBB2E00353789 /* UIImage */ = {
			isa = PBXGroup;
			children = (
				8EA01F881EFCBBE400353789 /* UIImage+Color.h */,
				8EA01F891EFCBBE400353789 /* UIImage+Color.m */,
			);
			path = UIImage;
			sourceTree = "<group>";
		};
		8EF0E76D1EEA822D00A04F82 = {
			isa = PBXGroup;
			children = (
				8EF0E7781EEA822D00A04F82 /* XXiOSProject */,
				8EF0E7921EEA822D00A04F82 /* XXiOSProjectTests */,
				8EF0E79D1EEA822E00A04F82 /* XXiOSProjectUITests */,
				8EF0E7771EEA822D00A04F82 /* Products */,
				7A04C787FD4EAB76753F81EE /* Pods */,
				DE93F45DDBDB7CB84DF0FFC0 /* Frameworks */,
			);
			sourceTree = "<group>";
		};
		8EF0E7771EEA822D00A04F82 /* Products */ = {
			isa = PBXGroup;
			children = (
				8EF0E7761EEA822D00A04F82 /* XXiOSProject.app */,
				8EF0E78F1EEA822D00A04F82 /* XXiOSProjectTests.xctest */,
				8EF0E79A1EEA822E00A04F82 /* XXiOSProjectUITests.xctest */,
			);
			name = Products;
			sourceTree = "<group>";
		};
		8EF0E7781EEA822D00A04F82 /* XXiOSProject */ = {
			isa = PBXGroup;
			children = (
				8EF0E7AE1EEA82CF00A04F82 /* Module（模块） */,
				8E95DC0B1EF1095F00248A32 /* AppDelegate */,
				8E95DC171EF10C7100248A32 /* Utils */,
				8E95DC161EF10BAA00248A32 /* Resource */,
				8E95DC131EF10B8E00248A32 /* Vendor */,
				8E95DC0F1EF10B0400248A32 /* Manager */,
				8EF0E7791EEA822D00A04F82 /* Supporting Files */,
			);
			path = XXiOSProject;
			sourceTree = "<group>";
		};
		8EF0E7791EEA822D00A04F82 /* Supporting Files */ = {
			isa = PBXGroup;
			children = (
				8EF0E7871EEA822D00A04F82 /* LaunchScreen.storyboard */,
				8EF0E78A1EEA822D00A04F82 /* Info.plist */,
				8EF0E77A1EEA822D00A04F82 /* main.m */,
			);
			name = "Supporting Files";
			sourceTree = "<group>";
		};
		8EF0E7921EEA822D00A04F82 /* XXiOSProjectTests */ = {
			isa = PBXGroup;
			children = (
				8EF0E7931EEA822D00A04F82 /* XXiOSProjectTests.m */,
				8EF0E7951EEA822D00A04F82 /* Info.plist */,
			);
			path = XXiOSProjectTests;
			sourceTree = "<group>";
		};
		8EF0E79D1EEA822E00A04F82 /* XXiOSProjectUITests */ = {
			isa = PBXGroup;
			children = (
				8EF0E79E1EEA822E00A04F82 /* XXiOSProjectUITests.m */,
				8EF0E7A01EEA822E00A04F82 /* Info.plist */,
			);
			path = XXiOSProjectUITests;
			sourceTree = "<group>";
		};
		8EF0E7AE1EEA82CF00A04F82 /* Module（模块） */ = {
			isa = PBXGroup;
			children = (
				8EF0E7C01EEA9C6500A04F82 /* Beelin */,
				8EF0E7C11EEA9C6500A04F82 /* Hanl */,
				8EF0E7C21EEA9C6500A04F82 /* Lucas */,
			);
			name = "Module（模块）";
			path = Module;
			sourceTree = "<group>";
		};
		8EF0E7C01EEA9C6500A04F82 /* Beelin */ = {
			isa = PBXGroup;
			children = (
				8EF0E7C31EEA9CB700A04F82 /* XXBeelinMainController.h */,
				8EF0E7C41EEA9CB700A04F82 /* XXBeelinMainController.m */,
			);
			path = Beelin;
			sourceTree = "<group>";
		};
		8EF0E7C11EEA9C6500A04F82 /* Hanl */ = {
			isa = PBXGroup;
			children = (
				8EF0E7C61EEA9CCB00A04F82 /* XXHanlMainController.h */,
				8EF0E7C71EEA9CCB00A04F82 /* XXHanlMainController.m */,
			);
			path = Hanl;
			sourceTree = "<group>";
		};
		8EF0E7C21EEA9C6500A04F82 /* Lucas */ = {
			isa = PBXGroup;
			children = (
				8EF0E7C91EEA9CDA00A04F82 /* XXLucasMainController.h */,
				8EF0E7CA1EEA9CDA00A04F82 /* XXLucasMainController.m */,
			);
			path = Lucas;
			sourceTree = "<group>";
		};
		DE93F45DDBDB7CB84DF0FFC0 /* Frameworks */ = {
			isa = PBXGroup;
			children = (
				13A3B9E386F26568EE1A4252 /* libPods-XXiOSProject.a */,
			);
			name = Frameworks;
			sourceTree = "<group>";
		};
/* End PBXGroup section */

/* Begin PBXNativeTarget section */
		8EF0E7751EEA822D00A04F82 /* XXiOSProject */ = {
			isa = PBXNativeTarget;
			buildConfigurationList = 8EF0E7A31EEA822E00A04F82 /* Build configuration list for PBXNativeTarget "XXiOSProject" */;
			buildPhases = (
				2DACBDAB50EB6F381B9BA7DB /* [CP] Check Pods Manifest.lock */,
				8EF0E7721EEA822D00A04F82 /* Sources */,
				8EF0E7731EEA822D00A04F82 /* Frameworks */,
				8EF0E7741EEA822D00A04F82 /* Resources */,
				DEC1F6B93D5F47562FE2353B /* [CP] Embed Pods Frameworks */,
				37564F35282BEEC31E3EBE01 /* [CP] Copy Pods Resources */,
			);
			buildRules = (
			);
			dependencies = (
			);
			name = XXiOSProject;
			productName = XXiOSProject;
			productReference = 8EF0E7761EEA822D00A04F82 /* XXiOSProject.app */;
			productType = "com.apple.product-type.application";
		};
		8EF0E78E1EEA822D00A04F82 /* XXiOSProjectTests */ = {
			isa = PBXNativeTarget;
			buildConfigurationList = 8EF0E7A61EEA822E00A04F82 /* Build configuration list for PBXNativeTarget "XXiOSProjectTests" */;
			buildPhases = (
				8EF0E78B1EEA822D00A04F82 /* Sources */,
				8EF0E78C1EEA822D00A04F82 /* Frameworks */,
				8EF0E78D1EEA822D00A04F82 /* Resources */,
			);
			buildRules = (
			);
			dependencies = (
				8EF0E7911EEA822D00A04F82 /* PBXTargetDependency */,
			);
			name = XXiOSProjectTests;
			productName = XXiOSProjectTests;
			productReference = 8EF0E78F1EEA822D00A04F82 /* XXiOSProjectTests.xctest */;
			productType = "com.apple.product-type.bundle.unit-test";
		};
		8EF0E7991EEA822E00A04F82 /* XXiOSProjectUITests */ = {
			isa = PBXNativeTarget;
			buildConfigurationList = 8EF0E7A91EEA822E00A04F82 /* Build configuration list for PBXNativeTarget "XXiOSProjectUITests" */;
			buildPhases = (
				8EF0E7961EEA822E00A04F82 /* Sources */,
				8EF0E7971EEA822E00A04F82 /* Frameworks */,
				8EF0E7981EEA822E00A04F82 /* Resources */,
			);
			buildRules = (
			);
			dependencies = (
				8EF0E79C1EEA822E00A04F82 /* PBXTargetDependency */,
			);
			name = XXiOSProjectUITests;
			productName = XXiOSProjectUITests;
			productReference = 8EF0E79A1EEA822E00A04F82 /* XXiOSProjectUITests.xctest */;
			productType = "com.apple.product-type.bundle.ui-testing";
		};
/* End PBXNativeTarget section */

/* Begin PBXProject section */
		8EF0E76E1EEA822D00A04F82 /* Project object */ = {
			isa = PBXProject;
			attributes = {
				LastUpgradeCheck = 0820;
				ORGANIZATIONNAME = xx;
				TargetAttributes = {
					8EF0E7751EEA822D00A04F82 = {
						CreatedOnToolsVersion = 8.2.1;
						DevelopmentTeam = 68SA3JHC33;
						ProvisioningStyle = Automatic;
					};
					8EF0E78E1EEA822D00A04F82 = {
						CreatedOnToolsVersion = 8.2.1;
						DevelopmentTeam = 68SA3JHC33;
						ProvisioningStyle = Automatic;
						TestTargetID = 8EF0E7751EEA822D00A04F82;
					};
					8EF0E7991EEA822E00A04F82 = {
						CreatedOnToolsVersion = 8.2.1;
						DevelopmentTeam = 68SA3JHC33;
						ProvisioningStyle = Automatic;
						TestTargetID = 8EF0E7751EEA822D00A04F82;
					};
				};
			};
			buildConfigurationList = 8EF0E7711EEA822D00A04F82 /* Build configuration list for PBXProject "XXiOSProject" */;
			compatibilityVersion = "Xcode 3.2";
			developmentRegion = English;
			hasScannedForEncodings = 0;
			knownRegions = (
				en,
				Base,
			);
			mainGroup = 8EF0E76D1EEA822D00A04F82;
			productRefGroup = 8EF0E7771EEA822D00A04F82 /* Products */;
			projectDirPath = "";
			projectRoot = "";
			targets = (
				8EF0E7751EEA822D00A04F82 /* XXiOSProject */,
				8EF0E78E1EEA822D00A04F82 /* XXiOSProjectTests */,
				8EF0E7991EEA822E00A04F82 /* XXiOSProjectUITests */,
			);
		};
/* End PBXProject section */

/* Begin PBXResourcesBuildPhase section */
		8EF0E7741EEA822D00A04F82 /* Resources */ = {
			isa = PBXResourcesBuildPhase;
			buildActionMask = 2147483647;
			files = (
				8E95DC151EF10B8E00248A32 /* .gitkeep in Resources */,
				8EF0E7891EEA822D00A04F82 /* LaunchScreen.storyboard in Resources */,
				8EF0E7861EEA822D00A04F82 /* Assets.xcassets in Resources */,
				8E95DC2B1EF10C7100248A32 /* .gitkeep in Resources */,
				8E95DC281EF10C7100248A32 /* .gitkeep in Resources */,
				8E95DC291EF10C7100248A32 /* .gitkeep in Resources */,
			);
			runOnlyForDeploymentPostprocessing = 0;
		};
		8EF0E78D1EEA822D00A04F82 /* Resources */ = {
			isa = PBXResourcesBuildPhase;
			buildActionMask = 2147483647;
			files = (
			);
			runOnlyForDeploymentPostprocessing = 0;
		};
		8EF0E7981EEA822E00A04F82 /* Resources */ = {
			isa = PBXResourcesBuildPhase;
			buildActionMask = 2147483647;
			files = (
			);
			runOnlyForDeploymentPostprocessing = 0;
		};
/* End PBXResourcesBuildPhase section */

/* Begin PBXShellScriptBuildPhase section */
		2DACBDAB50EB6F381B9BA7DB /* [CP] Check Pods Manifest.lock */ = {
			isa = PBXShellScriptBuildPhase;
			buildActionMask = 2147483647;
			files = (
			);
			inputPaths = (
			);
			name = "[CP] Check Pods Manifest.lock";
			outputPaths = (
			);
			runOnlyForDeploymentPostprocessing = 0;
			shellPath = /bin/sh;
			shellScript = "diff \"${PODS_ROOT}/../Podfile.lock\" \"${PODS_ROOT}/Manifest.lock\" > /dev/null\nif [ $? != 0 ] ; then\n    # print error to STDERR\n    echo \"error: The sandbox is not in sync with the Podfile.lock. Run 'pod install' or update your CocoaPods installation.\" >&2\n    exit 1\nfi\n";
			showEnvVarsInLog = 0;
		};
		37564F35282BEEC31E3EBE01 /* [CP] Copy Pods Resources */ = {
			isa = PBXShellScriptBuildPhase;
			buildActionMask = 2147483647;
			files = (
			);
			inputPaths = (
			);
			name = "[CP] Copy Pods Resources";
			outputPaths = (
			);
			runOnlyForDeploymentPostprocessing = 0;
			shellPath = /bin/sh;
			shellScript = "\"${SRCROOT}/Pods/Target Support Files/Pods-XXiOSProject/Pods-XXiOSProject-resources.sh\"\n";
			showEnvVarsInLog = 0;
		};
		DEC1F6B93D5F47562FE2353B /* [CP] Embed Pods Frameworks */ = {
			isa = PBXShellScriptBuildPhase;
			buildActionMask = 2147483647;
			files = (
			);
			inputPaths = (
			);
			name = "[CP] Embed Pods Frameworks";
			outputPaths = (
			);
			runOnlyForDeploymentPostprocessing = 0;
			shellPath = /bin/sh;
			shellScript = "\"${SRCROOT}/Pods/Target Support Files/Pods-XXiOSProject/Pods-XXiOSProject-frameworks.sh\"\n";
			showEnvVarsInLog = 0;
		};
/* End PBXShellScriptBuildPhase section */

/* Begin PBXSourcesBuildPhase section */
		8EF0E7721EEA822D00A04F82 /* Sources */ = {
			isa = PBXSourcesBuildPhase;
			buildActionMask = 2147483647;
			files = (
				8EF0E7CB1EEA9CDA00A04F82 /* XXLucasMainController.m in Sources */,
				8E95DC351EF10F6B00248A32 /* XXBaseClass.m in Sources */,
				8E95DC3F1EF10FC900248A32 /* AppDelegate+XXHelper.m in Sources */,
				8E95DC3C1EF10F8200248A32 /* XXTabBarControllerManager.m in Sources */,
				8EF0E7C81EEA9CCB00A04F82 /* XXHanlMainController.m in Sources */,
				8EF0E7C51EEA9CB700A04F82 /* XXBeelinMainController.m in Sources */,
				8E95DC451EF113CF00248A32 /* XXConst.m in Sources */,
				8EF0E77E1EEA822D00A04F82 /* AppDelegate.m in Sources */,
				8E95DC421EF1127D00248A32 /* XXResource.m in Sources */,
				8EA01F8A1EFCBBE400353789 /* UIImage+Color.m in Sources */,
				8EF0E77B1EEA822D00A04F82 /* main.m in Sources */,
				8E95DC3B1EF10F8200248A32 /* XXNavigationControllerManager.m in Sources */,
			);
			runOnlyForDeploymentPostprocessing = 0;
		};
		8EF0E78B1EEA822D00A04F82 /* Sources */ = {
			isa = PBXSourcesBuildPhase;
			buildActionMask = 2147483647;
			files = (
				8EF0E7941EEA822D00A04F82 /* XXiOSProjectTests.m in Sources */,
			);
			runOnlyForDeploymentPostprocessing = 0;
		};
		8EF0E7961EEA822E00A04F82 /* Sources */ = {
			isa = PBXSourcesBuildPhase;
			buildActionMask = 2147483647;
			files = (
				8EF0E79F1EEA822E00A04F82 /* XXiOSProjectUITests.m in Sources */,
			);
			runOnlyForDeploymentPostprocessing = 0;
		};
/* End PBXSourcesBuildPhase section */

/* Begin PBXTargetDependency section */
		8EF0E7911EEA822D00A04F82 /* PBXTargetDependency */ = {
			isa = PBXTargetDependency;
			target = 8EF0E7751EEA822D00A04F82 /* XXiOSProject */;
			targetProxy = 8EF0E7901EEA822D00A04F82 /* PBXContainerItemProxy */;
		};
		8EF0E79C1EEA822E00A04F82 /* PBXTargetDependency */ = {
			isa = PBXTargetDependency;
			target = 8EF0E7751EEA822D00A04F82 /* XXiOSProject */;
			targetProxy = 8EF0E79B1EEA822E00A04F82 /* PBXContainerItemProxy */;
		};
/* End PBXTargetDependency section */

/* Begin PBXVariantGroup section */
		8EF0E7871EEA822D00A04F82 /* LaunchScreen.storyboard */ = {
			isa = PBXVariantGroup;
			children = (
				8EF0E7881EEA822D00A04F82 /* Base */,
			);
			name = LaunchScreen.storyboard;
			sourceTree = "<group>";
		};
/* End PBXVariantGroup section */

/* Begin XCBuildConfiguration section */
		8EF0E7A11EEA822E00A04F82 /* Debug */ = {
			isa = XCBuildConfiguration;
			buildSettings = {
				ALWAYS_SEARCH_USER_PATHS = NO;
				CLANG_ANALYZER_NONNULL = YES;
				CLANG_CXX_LANGUAGE_STANDARD = "gnu++0x";
				CLANG_CXX_LIBRARY = "libc++";
				CLANG_ENABLE_MODULES = YES;
				CLANG_ENABLE_OBJC_ARC = YES;
				CLANG_WARN_BOOL_CONVERSION = YES;
				CLANG_WARN_CONSTANT_CONVERSION = YES;
				CLANG_WARN_DIRECT_OBJC_ISA_USAGE = YES_ERROR;
				CLANG_WARN_DOCUMENTATION_COMMENTS = YES;
				CLANG_WARN_EMPTY_BODY = YES;
				CLANG_WARN_ENUM_CONVERSION = YES;
				CLANG_WARN_INFINITE_RECURSION = YES;
				CLANG_WARN_INT_CONVERSION = YES;
				CLANG_WARN_OBJC_ROOT_CLASS = YES_ERROR;
				CLANG_WARN_SUSPICIOUS_MOVE = YES;
				CLANG_WARN_UNREACHABLE_CODE = YES;
				CLANG_WARN__DUPLICATE_METHOD_MATCH = YES;
				"CODE_SIGN_IDENTITY[sdk=iphoneos*]" = "iPhone Developer";
				COPY_PHASE_STRIP = NO;
				DEBUG_INFORMATION_FORMAT = dwarf;
				ENABLE_STRICT_OBJC_MSGSEND = YES;
				ENABLE_TESTABILITY = YES;
				GCC_C_LANGUAGE_STANDARD = gnu99;
				GCC_DYNAMIC_NO_PIC = NO;
				GCC_NO_COMMON_BLOCKS = YES;
				GCC_OPTIMIZATION_LEVEL = 0;
				GCC_PREPROCESSOR_DEFINITIONS = (
					"DEBUG=1",
					"$(inherited)",
				);
				GCC_WARN_64_TO_32_BIT_CONVERSION = YES;
				GCC_WARN_ABOUT_RETURN_TYPE = YES_ERROR;
				GCC_WARN_UNDECLARED_SELECTOR = YES;
				GCC_WARN_UNINITIALIZED_AUTOS = YES_AGGRESSIVE;
				GCC_WARN_UNUSED_FUNCTION = YES;
				GCC_WARN_UNUSED_VARIABLE = YES;
				IPHONEOS_DEPLOYMENT_TARGET = 10.2;
				MTL_ENABLE_DEBUG_INFO = YES;
				ONLY_ACTIVE_ARCH = YES;
				SDKROOT = iphoneos;
			};
			name = Debug;
		};
		8EF0E7A21EEA822E00A04F82 /* Release */ = {
			isa = XCBuildConfiguration;
			buildSettings = {
				ALWAYS_SEARCH_USER_PATHS = NO;
				CLANG_ANALYZER_NONNULL = YES;
				CLANG_CXX_LANGUAGE_STANDARD = "gnu++0x";
				CLANG_CXX_LIBRARY = "libc++";
				CLANG_ENABLE_MODULES = YES;
				CLANG_ENABLE_OBJC_ARC = YES;
				CLANG_WARN_BOOL_CONVERSION = YES;
				CLANG_WARN_CONSTANT_CONVERSION = YES;
				CLANG_WARN_DIRECT_OBJC_ISA_USAGE = YES_ERROR;
				CLANG_WARN_DOCUMENTATION_COMMENTS = YES;
				CLANG_WARN_EMPTY_BODY = YES;
				CLANG_WARN_ENUM_CONVERSION = YES;
				CLANG_WARN_INFINITE_RECURSION = YES;
				CLANG_WARN_INT_CONVERSION = YES;
				CLANG_WARN_OBJC_ROOT_CLASS = YES_ERROR;
				CLANG_WARN_SUSPICIOUS_MOVE = YES;
				CLANG_WARN_UNREACHABLE_CODE = YES;
				CLANG_WARN__DUPLICATE_METHOD_MATCH = YES;
				"CODE_SIGN_IDENTITY[sdk=iphoneos*]" = "iPhone Developer";
				COPY_PHASE_STRIP = NO;
				DEBUG_INFORMATION_FORMAT = "dwarf-with-dsym";
				ENABLE_NS_ASSERTIONS = NO;
				ENABLE_STRICT_OBJC_MSGSEND = YES;
				GCC_C_LANGUAGE_STANDARD = gnu99;
				GCC_NO_COMMON_BLOCKS = YES;
				GCC_WARN_64_TO_32_BIT_CONVERSION = YES;
				GCC_WARN_ABOUT_RETURN_TYPE = YES_ERROR;
				GCC_WARN_UNDECLARED_SELECTOR = YES;
				GCC_WARN_UNINITIALIZED_AUTOS = YES_AGGRESSIVE;
				GCC_WARN_UNUSED_FUNCTION = YES;
				GCC_WARN_UNUSED_VARIABLE = YES;
				IPHONEOS_DEPLOYMENT_TARGET = 10.2;
				MTL_ENABLE_DEBUG_INFO = NO;
				SDKROOT = iphoneos;
				VALIDATE_PRODUCT = YES;
			};
			name = Release;
		};
		8EF0E7A41EEA822E00A04F82 /* Debug */ = {
			isa = XCBuildConfiguration;
			baseConfigurationReference = 9B9B3A45A6C8C18B55A44821 /* Pods-XXiOSProject.debug.xcconfig */;
			buildSettings = {
				ASSETCATALOG_COMPILER_APPICON_NAME = AppIcon;
				DEVELOPMENT_TEAM = 68SA3JHC33;
				INFOPLIST_FILE = XXiOSProject/Info.plist;
				IPHONEOS_DEPLOYMENT_TARGET = 8.0;
				LD_RUNPATH_SEARCH_PATHS = "$(inherited) @executable_path/Frameworks";
				PRODUCT_BUNDLE_IDENTIFIER = cn.xx.XXiOSProject;
				PRODUCT_NAME = "$(TARGET_NAME)";
			};
			name = Debug;
		};
		8EF0E7A51EEA822E00A04F82 /* Release */ = {
			isa = XCBuildConfiguration;
			baseConfigurationReference = 88B1A296F7304A9BAE15F716 /* Pods-XXiOSProject.release.xcconfig */;
			buildSettings = {
				ASSETCATALOG_COMPILER_APPICON_NAME = AppIcon;
				DEVELOPMENT_TEAM = 68SA3JHC33;
				INFOPLIST_FILE = XXiOSProject/Info.plist;
				IPHONEOS_DEPLOYMENT_TARGET = 8.0;
				LD_RUNPATH_SEARCH_PATHS = "$(inherited) @executable_path/Frameworks";
				PRODUCT_BUNDLE_IDENTIFIER = cn.xx.XXiOSProject;
				PRODUCT_NAME = "$(TARGET_NAME)";
			};
			name = Release;
		};
		8EF0E7A71EEA822E00A04F82 /* Debug */ = {
			isa = XCBuildConfiguration;
			buildSettings = {
				BUNDLE_LOADER = "$(TEST_HOST)";
				DEVELOPMENT_TEAM = 68SA3JHC33;
				INFOPLIST_FILE = XXiOSProjectTests/Info.plist;
				LD_RUNPATH_SEARCH_PATHS = "$(inherited) @executable_path/Frameworks @loader_path/Frameworks";
				PRODUCT_BUNDLE_IDENTIFIER = cn.xx.XXiOSProjectTests;
				PRODUCT_NAME = "$(TARGET_NAME)";
				TEST_HOST = "$(BUILT_PRODUCTS_DIR)/XXiOSProject.app/XXiOSProject";
			};
			name = Debug;
		};
		8EF0E7A81EEA822E00A04F82 /* Release */ = {
			isa = XCBuildConfiguration;
			buildSettings = {
				BUNDLE_LOADER = "$(TEST_HOST)";
				DEVELOPMENT_TEAM = 68SA3JHC33;
				INFOPLIST_FILE = XXiOSProjectTests/Info.plist;
				LD_RUNPATH_SEARCH_PATHS = "$(inherited) @executable_path/Frameworks @loader_path/Frameworks";
				PRODUCT_BUNDLE_IDENTIFIER = cn.xx.XXiOSProjectTests;
				PRODUCT_NAME = "$(TARGET_NAME)";
				TEST_HOST = "$(BUILT_PRODUCTS_DIR)/XXiOSProject.app/XXiOSProject";
			};
			name = Release;
		};
		8EF0E7AA1EEA822E00A04F82 /* Debug */ = {
			isa = XCBuildConfiguration;
			buildSettings = {
				DEVELOPMENT_TEAM = 68SA3JHC33;
				INFOPLIST_FILE = XXiOSProjectUITests/Info.plist;
				LD_RUNPATH_SEARCH_PATHS = "$(inherited) @executable_path/Frameworks @loader_path/Frameworks";
				PRODUCT_BUNDLE_IDENTIFIER = cn.xx.XXiOSProjectUITests;
				PRODUCT_NAME = "$(TARGET_NAME)";
				TEST_TARGET_NAME = XXiOSProject;
			};
			name = Debug;
		};
		8EF0E7AB1EEA822E00A04F82 /* Release */ = {
			isa = XCBuildConfiguration;
			buildSettings = {
				DEVELOPMENT_TEAM = 68SA3JHC33;
				INFOPLIST_FILE = XXiOSProjectUITests/Info.plist;
				LD_RUNPATH_SEARCH_PATHS = "$(inherited) @executable_path/Frameworks @loader_path/Frameworks";
				PRODUCT_BUNDLE_IDENTIFIER = cn.xx.XXiOSProjectUITests;
				PRODUCT_NAME = "$(TARGET_NAME)";
				TEST_TARGET_NAME = XXiOSProject;
			};
			name = Release;
		};
/* End XCBuildConfiguration section */

/* Begin XCConfigurationList section */
		8EF0E7711EEA822D00A04F82 /* Build configuration list for PBXProject "XXiOSProject" */ = {
			isa = XCConfigurationList;
			buildConfigurations = (
				8EF0E7A11EEA822E00A04F82 /* Debug */,
				8EF0E7A21EEA822E00A04F82 /* Release */,
			);
			defaultConfigurationIsVisible = 0;
			defaultConfigurationName = Release;
		};
		8EF0E7A31EEA822E00A04F82 /* Build configuration list for PBXNativeTarget "XXiOSProject" */ = {
			isa = XCConfigurationList;
			buildConfigurations = (
				8EF0E7A41EEA822E00A04F82 /* Debug */,
				8EF0E7A51EEA822E00A04F82 /* Release */,
			);
			defaultConfigurationIsVisible = 0;
			defaultConfigurationName = Release;
		};
		8EF0E7A61EEA822E00A04F82 /* Build configuration list for PBXNativeTarget "XXiOSProjectTests" */ = {
			isa = XCConfigurationList;
			buildConfigurations = (
				8EF0E7A71EEA822E00A04F82 /* Debug */,
				8EF0E7A81EEA822E00A04F82 /* Release */,
			);
			defaultConfigurationIsVisible = 0;
			defaultConfigurationName = Release;
		};
		8EF0E7A91EEA822E00A04F82 /* Build configuration list for PBXNativeTarget "XXiOSProjectUITests" */ = {
			isa = XCConfigurationList;
			buildConfigurations = (
				8EF0E7AA1EEA822E00A04F82 /* Debug */,
				8EF0E7AB1EEA822E00A04F82 /* Release */,
			);
			defaultConfigurationIsVisible = 0;
			defaultConfigurationName = Release;
		};
/* End XCConfigurationList section */
	};
	rootObject = 8EF0E76E1EEA822D00A04F82 /* Project object */;
}
