// !$*UTF8*$!
{
	archiveVersion = 1;
	classes = {
	};
	objectVersion = 46;
	objects = {

/* Begin PBXBuildFile section */
		8EF0E77B1EEA822D00A04F82 /* main.m in Sources */ = {isa = PBXBuildFile; fileRef = 8EF0E77A1EEA822D00A04F82 /* main.m */; };
		8EF0E77E1EEA822D00A04F82 /* AppDelegate.m in Sources */ = {isa = PBXBuildFile; fileRef = 8EF0E77D1EEA822D00A04F82 /* AppDelegate.m */; };
		8EF0E7861EEA822D00A04F82 /* Assets.xcassets in Resources */ = {isa = PBXBuildFile; fileRef = 8EF0E7851EEA822D00A04F82 /* Assets.xcassets */; };
		8EF0E7891EEA822D00A04F82 /* LaunchScreen.storyboard in Resources */ = {isa = PBXBuildFile; fileRef = 8EF0E7871EEA822D00A04F82 /* LaunchScreen.storyboard */; };
		8EF0E7941EEA822D00A04F82 /* XXiOSProjectTests.m in Sources */ = {isa = PBXBuildFile; fileRef = 8EF0E7931EEA822D00A04F82 /* XXiOSProjectTests.m */; };
		8EF0E79F1EEA822E00A04F82 /* XXiOSProjectUITests.m in Sources */ = {isa = PBXBuildFile; fileRef = 8EF0E79E1EEA822E00A04F82 /* XXiOSProjectUITests.m */; };
		8EF0E7BC1EEA977200A04F82 /* XXTabBarController.m in Sources */ = {isa = PBXBuildFile; fileRef = 8EF0E7BB1EEA977200A04F82 /* XXTabBarController.m */; };
		8EF0E7BF1EEA97BD00A04F82 /* XXNavigationController.m in Sources */ = {isa = PBXBuildFile; fileRef = 8EF0E7BE1EEA97BD00A04F82 /* XXNavigationController.m */; };
		8EF0E7C51EEA9CB700A04F82 /* XXBeelinMainController.m in Sources */ = {isa = PBXBuildFile; fileRef = 8EF0E7C41EEA9CB700A04F82 /* XXBeelinMainController.m */; };
		8EF0E7C81EEA9CCB00A04F82 /* XXHanlMainController.m in Sources */ = {isa = PBXBuildFile; fileRef = 8EF0E7C71EEA9CCB00A04F82 /* XXHanlMainController.m */; };
		8EF0E7CB1EEA9CDA00A04F82 /* XXLucasMainController.m in Sources */ = {isa = PBXBuildFile; fileRef = 8EF0E7CA1EEA9CDA00A04F82 /* XXLucasMainController.m */; };
/* End PBXBuildFile section */

/* Begin PBXContainerItemProxy section */
		8EF0E7901EEA822D00A04F82 /* PBXContainerItemProxy */ = {
			isa = PBXContainerItemProxy;
			containerPortal = 8EF0E76E1EEA822D00A04F82 /* Project object */;
			proxyType = 1;
			remoteGlobalIDString = 8EF0E7751EEA822D00A04F82;
			remoteInfo = XXiOSProject;
		};
		8EF0E79B1EEA822E00A04F82 /* PBXContainerItemProxy */ = {
			isa = PBXContainerItemProxy;
			containerPortal = 8EF0E76E1EEA822D00A04F82 /* Project object */;
			proxyType = 1;
			remoteGlobalIDString = 8EF0E7751EEA822D00A04F82;
			remoteInfo = XXiOSProject;
		};
/* End PBXContainerItemProxy section */

/* Begin PBXFileReference section */
		8EF0E7761EEA822D00A04F82 /* XXiOSProject.app */ = {isa = PBXFileReference; explicitFileType = wrapper.application; includeInIndex = 0; path = XXiOSProject.app; sourceTree = BUILT_PRODUCTS_DIR; };
		8EF0E77A1EEA822D00A04F82 /* main.m */ = {isa = PBXFileReference; lastKnownFileType = sourcecode.c.objc; path = main.m; sourceTree = "<group>"; };
		8EF0E77C1EEA822D00A04F82 /* AppDelegate.h */ = {isa = PBXFileReference; lastKnownFileType = sourcecode.c.h; path = AppDelegate.h; sourceTree = "<group>"; };
		8EF0E77D1EEA822D00A04F82 /* AppDelegate.m */ = {isa = PBXFileReference; lastKnownFileType = sourcecode.c.objc; path = AppDelegate.m; sourceTree = "<group>"; };
		8EF0E7851EEA822D00A04F82 /* Assets.xcassets */ = {isa = PBXFileReference; lastKnownFileType = folder.assetcatalog; path = Assets.xcassets; sourceTree = "<group>"; };
		8EF0E7881EEA822D00A04F82 /* Base */ = {isa = PBXFileReference; lastKnownFileType = file.storyboard; name = Base; path = Base.lproj/LaunchScreen.storyboard; sourceTree = "<group>"; };
		8EF0E78A1EEA822D00A04F82 /* Info.plist */ = {isa = PBXFileReference; lastKnownFileType = text.plist.xml; path = Info.plist; sourceTree = "<group>"; };
		8EF0E78F1EEA822D00A04F82 /* XXiOSProjectTests.xctest */ = {isa = PBXFileReference; explicitFileType = wrapper.cfbundle; includeInIndex = 0; path = XXiOSProjectTests.xctest; sourceTree = BUILT_PRODUCTS_DIR; };
		8EF0E7931EEA822D00A04F82 /* XXiOSProjectTests.m */ = {isa = PBXFileReference; lastKnownFileType = sourcecode.c.objc; path = XXiOSProjectTests.m; sourceTree = "<group>"; };
		8EF0E7951EEA822D00A04F82 /* Info.plist */ = {isa = PBXFileReference; lastKnownFileType = text.plist.xml; path = Info.plist; sourceTree = "<group>"; };
		8EF0E79A1EEA822E00A04F82 /* XXiOSProjectUITests.xctest */ = {isa = PBXFileReference; explicitFileType = wrapper.cfbundle; includeInIndex = 0; path = XXiOSProjectUITests.xctest; sourceTree = BUILT_PRODUCTS_DIR; };
		8EF0E79E1EEA822E00A04F82 /* XXiOSProjectUITests.m */ = {isa = PBXFileReference; lastKnownFileType = sourcecode.c.objc; path = XXiOSProjectUITests.m; sourceTree = "<group>"; };
		8EF0E7A01EEA822E00A04F82 /* Info.plist */ = {isa = PBXFileReference; lastKnownFileType = text.plist.xml; path = Info.plist; sourceTree = "<group>"; };
		8EF0E7BA1EEA977200A04F82 /* XXTabBarController.h */ = {isa = PBXFileReference; fileEncoding = 4; lastKnownFileType = sourcecode.c.h; path = XXTabBarController.h; sourceTree = "<group>"; };
		8EF0E7BB1EEA977200A04F82 /* XXTabBarController.m */ = {isa = PBXFileReference; fileEncoding = 4; lastKnownFileType = sourcecode.c.objc; path = XXTabBarController.m; sourceTree = "<group>"; };
		8EF0E7BD1EEA97BD00A04F82 /* XXNavigationController.h */ = {isa = PBXFileReference; fileEncoding = 4; lastKnownFileType = sourcecode.c.h; path = XXNavigationController.h; sourceTree = "<group>"; };
		8EF0E7BE1EEA97BD00A04F82 /* XXNavigationController.m */ = {isa = PBXFileReference; fileEncoding = 4; lastKnownFileType = sourcecode.c.objc; path = XXNavigationController.m; sourceTree = "<group>"; };
		8EF0E7C31EEA9CB700A04F82 /* XXBeelinMainController.h */ = {isa = PBXFileReference; fileEncoding = 4; lastKnownFileType = sourcecode.c.h; path = XXBeelinMainController.h; sourceTree = "<group>"; };
		8EF0E7C41EEA9CB700A04F82 /* XXBeelinMainController.m */ = {isa = PBXFileReference; fileEncoding = 4; lastKnownFileType = sourcecode.c.objc; path = XXBeelinMainController.m; sourceTree = "<group>"; };
		8EF0E7C61EEA9CCB00A04F82 /* XXHanlMainController.h */ = {isa = PBXFileReference; fileEncoding = 4; lastKnownFileType = sourcecode.c.h; path = XXHanlMainController.h; sourceTree = "<group>"; };
		8EF0E7C71EEA9CCB00A04F82 /* XXHanlMainController.m */ = {isa = PBXFileReference; fileEncoding = 4; lastKnownFileType = sourcecode.c.objc; path = XXHanlMainController.m; sourceTree = "<group>"; };
		8EF0E7C91EEA9CDA00A04F82 /* XXLucasMainController.h */ = {isa = PBXFileReference; fileEncoding = 4; lastKnownFileType = sourcecode.c.h; path = XXLucasMainController.h; sourceTree = "<group>"; };
		8EF0E7CA1EEA9CDA00A04F82 /* XXLucasMainController.m */ = {isa = PBXFileReference; fileEncoding = 4; lastKnownFileType = sourcecode.c.objc; path = XXLucasMainController.m; sourceTree = "<group>"; };
/* End PBXFileReference section */

/* Begin PBXFrameworksBuildPhase section */
		8EF0E7731EEA822D00A04F82 /* Frameworks */ = {
			isa = PBXFrameworksBuildPhase;
			buildActionMask = 2147483647;
			files = (
			);
			runOnlyForDeploymentPostprocessing = 0;
		};
		8EF0E78C1EEA822D00A04F82 /* Frameworks */ = {
			isa = PBXFrameworksBuildPhase;
			buildActionMask = 2147483647;
			files = (
			);
			runOnlyForDeploymentPostprocessing = 0;
		};
		8EF0E7971EEA822E00A04F82 /* Frameworks */ = {
			isa = PBXFrameworksBuildPhase;
			buildActionMask = 2147483647;
			files = (
			);
			runOnlyForDeploymentPostprocessing = 0;
		};
/* End PBXFrameworksBuildPhase section */

/* Begin PBXGroup section */
		8EF0E76D1EEA822D00A04F82 = {
			isa = PBXGroup;
			children = (
				8EF0E7781EEA822D00A04F82 /* XXiOSProject */,
				8EF0E7921EEA822D00A04F82 /* XXiOSProjectTests */,
				8EF0E79D1EEA822E00A04F82 /* XXiOSProjectUITests */,
				8EF0E7771EEA822D00A04F82 /* Products */,
			);
			sourceTree = "<group>";
		};
		8EF0E7771EEA822D00A04F82 /* Products */ = {
			isa = PBXGroup;
			children = (
				8EF0E7761EEA822D00A04F82 /* XXiOSProject.app */,
				8EF0E78F1EEA822D00A04F82 /* XXiOSProjectTests.xctest */,
				8EF0E79A1EEA822E00A04F82 /* XXiOSProjectUITests.xctest */,
			);
			name = Products;
			sourceTree = "<group>";
		};
		8EF0E7781EEA822D00A04F82 /* XXiOSProject */ = {
			isa = PBXGroup;
			children = (
				8EF0E7E21EEAA91100A04F82 /* TESss */,
				8EF0E7D71EEAA7D500A04F82 /* General */,
				8EF0E7DD1EEAA7D500A04F82 /* Helper */,
				8EF0E7AE1EEA82CF00A04F82 /* Module（模块） */,
				8EF0E7791EEA822D00A04F82 /* Supporting Files */,
			);
			path = XXiOSProject;
			sourceTree = "<group>";
		};
		8EF0E7791EEA822D00A04F82 /* Supporting Files */ = {
			isa = PBXGroup;
			children = (
				8EF0E77C1EEA822D00A04F82 /* AppDelegate.h */,
				8EF0E77D1EEA822D00A04F82 /* AppDelegate.m */,
				8EF0E7851EEA822D00A04F82 /* Assets.xcassets */,
				8EF0E7871EEA822D00A04F82 /* LaunchScreen.storyboard */,
				8EF0E78A1EEA822D00A04F82 /* Info.plist */,
				8EF0E77A1EEA822D00A04F82 /* main.m */,
			);
			name = "Supporting Files";
			sourceTree = "<group>";
		};
		8EF0E7921EEA822D00A04F82 /* XXiOSProjectTests */ = {
			isa = PBXGroup;
			children = (
				8EF0E7931EEA822D00A04F82 /* XXiOSProjectTests.m */,
				8EF0E7951EEA822D00A04F82 /* Info.plist */,
			);
			path = XXiOSProjectTests;
			sourceTree = "<group>";
		};
		8EF0E79D1EEA822E00A04F82 /* XXiOSProjectUITests */ = {
			isa = PBXGroup;
			children = (
				8EF0E79E1EEA822E00A04F82 /* XXiOSProjectUITests.m */,
				8EF0E7A01EEA822E00A04F82 /* Info.plist */,
			);
			path = XXiOSProjectUITests;
			sourceTree = "<group>";
		};
		8EF0E7AE1EEA82CF00A04F82 /* Module（模块） */ = {
			isa = PBXGroup;
			children = (
				8EF0E7B91EEA974800A04F82 /* Base */,
				8EF0E7C01EEA9C6500A04F82 /* Beelin */,
				8EF0E7C11EEA9C6500A04F82 /* Hanl */,
				8EF0E7C21EEA9C6500A04F82 /* Lucas */,
			);
			name = "Module（模块）";
			path = Module;
			sourceTree = "<group>";
		};
		8EF0E7B91EEA974800A04F82 /* Base */ = {
			isa = PBXGroup;
			children = (
				8EF0E7BD1EEA97BD00A04F82 /* XXNavigationController.h */,
				8EF0E7BE1EEA97BD00A04F82 /* XXNavigationController.m */,
				8EF0E7BA1EEA977200A04F82 /* XXTabBarController.h */,
				8EF0E7BB1EEA977200A04F82 /* XXTabBarController.m */,
			);
			path = Base;
			sourceTree = "<group>";
		};
		8EF0E7C01EEA9C6500A04F82 /* Beelin */ = {
			isa = PBXGroup;
			children = (
				8EF0E7C31EEA9CB700A04F82 /* XXBeelinMainController.h */,
				8EF0E7C41EEA9CB700A04F82 /* XXBeelinMainController.m */,
			);
			path = Beelin;
			sourceTree = "<group>";
		};
		8EF0E7C11EEA9C6500A04F82 /* Hanl */ = {
			isa = PBXGroup;
			children = (
				8EF0E7C61EEA9CCB00A04F82 /* XXHanlMainController.h */,
				8EF0E7C71EEA9CCB00A04F82 /* XXHanlMainController.m */,
			);
			path = Hanl;
			sourceTree = "<group>";
		};
		8EF0E7C21EEA9C6500A04F82 /* Lucas */ = {
			isa = PBXGroup;
			children = (
				8EF0E7C91EEA9CDA00A04F82 /* XXLucasMainController.h */,
				8EF0E7CA1EEA9CDA00A04F82 /* XXLucasMainController.m */,
			);
			path = Lucas;
			sourceTree = "<group>";
		};
		8EF0E7D71EEAA7D500A04F82 /* General */ = {
			isa = PBXGroup;
			children = (
				8EF0E7D81EEAA7D500A04F82 /* BaseClass */,
				8EF0E7D91EEAA7D500A04F82 /* Controls */,
				8EF0E7DA1EEAA7D500A04F82 /* DataBase */,
				8EF0E7DB1EEAA7D500A04F82 /* Global */,
				8EF0E7DC1EEAA7D500A04F82 /* NetWork */,
			);
			path = General;
			sourceTree = "<group>";
		};
		8EF0E7D81EEAA7D500A04F82 /* BaseClass */ = {
			isa = PBXGroup;
			children = (
			);
			path = BaseClass;
			sourceTree = "<group>";
		};
		8EF0E7D91EEAA7D500A04F82 /* Controls */ = {
			isa = PBXGroup;
			children = (
			);
			path = Controls;
			sourceTree = "<group>";
		};
		8EF0E7DA1EEAA7D500A04F82 /* DataBase */ = {
			isa = PBXGroup;
			children = (
			);
			path = DataBase;
			sourceTree = "<group>";
		};
		8EF0E7DB1EEAA7D500A04F82 /* Global */ = {
			isa = PBXGroup;
			children = (
			);
			path = Global;
			sourceTree = "<group>";
		};
		8EF0E7DC1EEAA7D500A04F82 /* NetWork */ = {
			isa = PBXGroup;
			children = (
			);
			path = NetWork;
			sourceTree = "<group>";
		};
		8EF0E7DD1EEAA7D500A04F82 /* Helper */ = {
			isa = PBXGroup;
			children = (
				8EF0E7DE1EEAA7D500A04F82 /* Category */,
				8EF0E7DF1EEAA7D500A04F82 /* NetWork */,
				8EF0E7E01EEAA7D500A04F82 /* Tools */,
				8EF0E7E11EEAA7D500A04F82 /* Vendor */,
			);
			path = Helper;
			sourceTree = "<group>";
		};
		8EF0E7DE1EEAA7D500A04F82 /* Category */ = {
			isa = PBXGroup;
			children = (
			);
			path = Category;
			sourceTree = "<group>";
		};
		8EF0E7DF1EEAA7D500A04F82 /* NetWork */ = {
			isa = PBXGroup;
			children = (
			);
			path = NetWork;
			sourceTree = "<group>";
		};
		8EF0E7E01EEAA7D500A04F82 /* Tools */ = {
			isa = PBXGroup;
			children = (
			);
			path = Tools;
			sourceTree = "<group>";
		};
		8EF0E7E11EEAA7D500A04F82 /* Vendor */ = {
			isa = PBXGroup;
			children = (
			);
			path = Vendor;
			sourceTree = "<group>";
		};
		8EF0E7E21EEAA91100A04F82 /* TESss */ = {
			isa = PBXGroup;
			children = (
			);
			path = TESss;
			sourceTree = "<group>";
		};
/* End PBXGroup section */

/* Begin PBXNativeTarget section */
		8EF0E7751EEA822D00A04F82 /* XXiOSProject */ = {
			isa = PBXNativeTarget;
			buildConfigurationList = 8EF0E7A31EEA822E00A04F82 /* Build configuration list for PBXNativeTarget "XXiOSProject" */;
			buildPhases = (
				8EF0E7721EEA822D00A04F82 /* Sources */,
				8EF0E7731EEA822D00A04F82 /* Frameworks */,
				8EF0E7741EEA822D00A04F82 /* Resources */,
			);
			buildRules = (
			);
			dependencies = (
			);
			name = XXiOSProject;
			productName = XXiOSProject;
			productReference = 8EF0E7761EEA822D00A04F82 /* XXiOSProject.app */;
			productType = "com.apple.product-type.application";
		};
		8EF0E78E1EEA822D00A04F82 /* XXiOSProjectTests */ = {
			isa = PBXNativeTarget;
			buildConfigurationList = 8EF0E7A61EEA822E00A04F82 /* Build configuration list for PBXNativeTarget "XXiOSProjectTests" */;
			buildPhases = (
				8EF0E78B1EEA822D00A04F82 /* Sources */,
				8EF0E78C1EEA822D00A04F82 /* Frameworks */,
				8EF0E78D1EEA822D00A04F82 /* Resources */,
			);
			buildRules = (
			);
			dependencies = (
				8EF0E7911EEA822D00A04F82 /* PBXTargetDependency */,
			);
			name = XXiOSProjectTests;
			productName = XXiOSProjectTests;
			productReference = 8EF0E78F1EEA822D00A04F82 /* XXiOSProjectTests.xctest */;
			productType = "com.apple.product-type.bundle.unit-test";
		};
		8EF0E7991EEA822E00A04F82 /* XXiOSProjectUITests */ = {
			isa = PBXNativeTarget;
			buildConfigurationList = 8EF0E7A91EEA822E00A04F82 /* Build configuration list for PBXNativeTarget "XXiOSProjectUITests" */;
			buildPhases = (
				8EF0E7961EEA822E00A04F82 /* Sources */,
				8EF0E7971EEA822E00A04F82 /* Frameworks */,
				8EF0E7981EEA822E00A04F82 /* Resources */,
			);
			buildRules = (
			);
			dependencies = (
				8EF0E79C1EEA822E00A04F82 /* PBXTargetDependency */,
			);
			name = XXiOSProjectUITests;
			productName = XXiOSProjectUITests;
			productReference = 8EF0E79A1EEA822E00A04F82 /* XXiOSProjectUITests.xctest */;
			productType = "com.apple.product-type.bundle.ui-testing";
		};
/* End PBXNativeTarget section */

/* Begin PBXProject section */
		8EF0E76E1EEA822D00A04F82 /* Project object */ = {
			isa = PBXProject;
			attributes = {
				LastUpgradeCheck = 0820;
				ORGANIZATIONNAME = xx;
				TargetAttributes = {
					8EF0E7751EEA822D00A04F82 = {
						CreatedOnToolsVersion = 8.2.1;
						DevelopmentTeam = 68SA3JHC33;
						ProvisioningStyle = Automatic;
					};
					8EF0E78E1EEA822D00A04F82 = {
						CreatedOnToolsVersion = 8.2.1;
						DevelopmentTeam = 68SA3JHC33;
						ProvisioningStyle = Automatic;
						TestTargetID = 8EF0E7751EEA822D00A04F82;
					};
					8EF0E7991EEA822E00A04F82 = {
						CreatedOnToolsVersion = 8.2.1;
						DevelopmentTeam = 68SA3JHC33;
						ProvisioningStyle = Automatic;
						TestTargetID = 8EF0E7751EEA822D00A04F82;
					};
				};
			};
			buildConfigurationList = 8EF0E7711EEA822D00A04F82 /* Build configuration list for PBXProject "XXiOSProject" */;
			compatibilityVersion = "Xcode 3.2";
			developmentRegion = English;
			hasScannedForEncodings = 0;
			knownRegions = (
				en,
				Base,
			);
			mainGroup = 8EF0E76D1EEA822D00A04F82;
			productRefGroup = 8EF0E7771EEA822D00A04F82 /* Products */;
			projectDirPath = "";
			projectRoot = "";
			targets = (
				8EF0E7751EEA822D00A04F82 /* XXiOSProject */,
				8EF0E78E1EEA822D00A04F82 /* XXiOSProjectTests */,
				8EF0E7991EEA822E00A04F82 /* XXiOSProjectUITests */,
			);
		};
/* End PBXProject section */

/* Begin PBXResourcesBuildPhase section */
		8EF0E7741EEA822D00A04F82 /* Resources */ = {
			isa = PBXResourcesBuildPhase;
			buildActionMask = 2147483647;
			files = (
				8EF0E7891EEA822D00A04F82 /* LaunchScreen.storyboard in Resources */,
				8EF0E7861EEA822D00A04F82 /* Assets.xcassets in Resources */,
			);
			runOnlyForDeploymentPostprocessing = 0;
		};
		8EF0E78D1EEA822D00A04F82 /* Resources */ = {
			isa = PBXResourcesBuildPhase;
			buildActionMask = 2147483647;
			files = (
			);
			runOnlyForDeploymentPostprocessing = 0;
		};
		8EF0E7981EEA822E00A04F82 /* Resources */ = {
			isa = PBXResourcesBuildPhase;
			buildActionMask = 2147483647;
			files = (
			);
			runOnlyForDeploymentPostprocessing = 0;
		};
/* End PBXResourcesBuildPhase section */

/* Begin PBXSourcesBuildPhase section */
		8EF0E7721EEA822D00A04F82 /* Sources */ = {
			isa = PBXSourcesBuildPhase;
			buildActionMask = 2147483647;
			files = (
				8EF0E7CB1EEA9CDA00A04F82 /* XXLucasMainController.m in Sources */,
				8EF0E7BC1EEA977200A04F82 /* XXTabBarController.m in Sources */,
				8EF0E7C81EEA9CCB00A04F82 /* XXHanlMainController.m in Sources */,
				8EF0E7BF1EEA97BD00A04F82 /* XXNavigationController.m in Sources */,
				8EF0E7C51EEA9CB700A04F82 /* XXBeelinMainController.m in Sources */,
				8EF0E77E1EEA822D00A04F82 /* AppDelegate.m in Sources */,
				8EF0E77B1EEA822D00A04F82 /* main.m in Sources */,
			);
			runOnlyForDeploymentPostprocessing = 0;
		};
		8EF0E78B1EEA822D00A04F82 /* Sources */ = {
			isa = PBXSourcesBuildPhase;
			buildActionMask = 2147483647;
			files = (
				8EF0E7941EEA822D00A04F82 /* XXiOSProjectTests.m in Sources */,
			);
			runOnlyForDeploymentPostprocessing = 0;
		};
		8EF0E7961EEA822E00A04F82 /* Sources */ = {
			isa = PBXSourcesBuildPhase;
			buildActionMask = 2147483647;
			files = (
				8EF0E79F1EEA822E00A04F82 /* XXiOSProjectUITests.m in Sources */,
			);
			runOnlyForDeploymentPostprocessing = 0;
		};
/* End PBXSourcesBuildPhase section */

/* Begin PBXTargetDependency section */
		8EF0E7911EEA822D00A04F82 /* PBXTargetDependency */ = {
			isa = PBXTargetDependency;
			target = 8EF0E7751EEA822D00A04F82 /* XXiOSProject */;
			targetProxy = 8EF0E7901EEA822D00A04F82 /* PBXContainerItemProxy */;
		};
		8EF0E79C1EEA822E00A04F82 /* PBXTargetDependency */ = {
			isa = PBXTargetDependency;
			target = 8EF0E7751EEA822D00A04F82 /* XXiOSProject */;
			targetProxy = 8EF0E79B1EEA822E00A04F82 /* PBXContainerItemProxy */;
		};
/* End PBXTargetDependency section */

/* Begin PBXVariantGroup section */
		8EF0E7871EEA822D00A04F82 /* LaunchScreen.storyboard */ = {
			isa = PBXVariantGroup;
			children = (
				8EF0E7881EEA822D00A04F82 /* Base */,
			);
			name = LaunchScreen.storyboard;
			sourceTree = "<group>";
		};
/* End PBXVariantGroup section */

/* Begin XCBuildConfiguration section */
		8EF0E7A11EEA822E00A04F82 /* Debug */ = {
			isa = XCBuildConfiguration;
			buildSettings = {
				ALWAYS_SEARCH_USER_PATHS = NO;
				CLANG_ANALYZER_NONNULL = YES;
				CLANG_CXX_LANGUAGE_STANDARD = "gnu++0x";
				CLANG_CXX_LIBRARY = "libc++";
				CLANG_ENABLE_MODULES = YES;
				CLANG_ENABLE_OBJC_ARC = YES;
				CLANG_WARN_BOOL_CONVERSION = YES;
				CLANG_WARN_CONSTANT_CONVERSION = YES;
				CLANG_WARN_DIRECT_OBJC_ISA_USAGE = YES_ERROR;
				CLANG_WARN_DOCUMENTATION_COMMENTS = YES;
				CLANG_WARN_EMPTY_BODY = YES;
				CLANG_WARN_ENUM_CONVERSION = YES;
				CLANG_WARN_INFINITE_RECURSION = YES;
				CLANG_WARN_INT_CONVERSION = YES;
				CLANG_WARN_OBJC_ROOT_CLASS = YES_ERROR;
				CLANG_WARN_SUSPICIOUS_MOVE = YES;
				CLANG_WARN_UNREACHABLE_CODE = YES;
				CLANG_WARN__DUPLICATE_METHOD_MATCH = YES;
				"CODE_SIGN_IDENTITY[sdk=iphoneos*]" = "iPhone Developer";
				COPY_PHASE_STRIP = NO;
				DEBUG_INFORMATION_FORMAT = dwarf;
				ENABLE_STRICT_OBJC_MSGSEND = YES;
				ENABLE_TESTABILITY = YES;
				GCC_C_LANGUAGE_STANDARD = gnu99;
				GCC_DYNAMIC_NO_PIC = NO;
				GCC_NO_COMMON_BLOCKS = YES;
				GCC_OPTIMIZATION_LEVEL = 0;
				GCC_PREPROCESSOR_DEFINITIONS = (
					"DEBUG=1",
					"$(inherited)",
				);
				GCC_WARN_64_TO_32_BIT_CONVERSION = YES;
				GCC_WARN_ABOUT_RETURN_TYPE = YES_ERROR;
				GCC_WARN_UNDECLARED_SELECTOR = YES;
				GCC_WARN_UNINITIALIZED_AUTOS = YES_AGGRESSIVE;
				GCC_WARN_UNUSED_FUNCTION = YES;
				GCC_WARN_UNUSED_VARIABLE = YES;
				IPHONEOS_DEPLOYMENT_TARGET = 10.2;
				MTL_ENABLE_DEBUG_INFO = YES;
				ONLY_ACTIVE_ARCH = YES;
				SDKROOT = iphoneos;
			};
			name = Debug;
		};
		8EF0E7A21EEA822E00A04F82 /* Release */ = {
			isa = XCBuildConfiguration;
			buildSettings = {
				ALWAYS_SEARCH_USER_PATHS = NO;
				CLANG_ANALYZER_NONNULL = YES;
				CLANG_CXX_LANGUAGE_STANDARD = "gnu++0x";
				CLANG_CXX_LIBRARY = "libc++";
				CLANG_ENABLE_MODULES = YES;
				CLANG_ENABLE_OBJC_ARC = YES;
				CLANG_WARN_BOOL_CONVERSION = YES;
				CLANG_WARN_CONSTANT_CONVERSION = YES;
				CLANG_WARN_DIRECT_OBJC_ISA_USAGE = YES_ERROR;
				CLANG_WARN_DOCUMENTATION_COMMENTS = YES;
				CLANG_WARN_EMPTY_BODY = YES;
				CLANG_WARN_ENUM_CONVERSION = YES;
				CLANG_WARN_INFINITE_RECURSION = YES;
				CLANG_WARN_INT_CONVERSION = YES;
				CLANG_WARN_OBJC_ROOT_CLASS = YES_ERROR;
				CLANG_WARN_SUSPICIOUS_MOVE = YES;
				CLANG_WARN_UNREACHABLE_CODE = YES;
				CLANG_WARN__DUPLICATE_METHOD_MATCH = YES;
				"CODE_SIGN_IDENTITY[sdk=iphoneos*]" = "iPhone Developer";
				COPY_PHASE_STRIP = NO;
				DEBUG_INFORMATION_FORMAT = "dwarf-with-dsym";
				ENABLE_NS_ASSERTIONS = NO;
				ENABLE_STRICT_OBJC_MSGSEND = YES;
				GCC_C_LANGUAGE_STANDARD = gnu99;
				GCC_NO_COMMON_BLOCKS = YES;
				GCC_WARN_64_TO_32_BIT_CONVERSION = YES;
				GCC_WARN_ABOUT_RETURN_TYPE = YES_ERROR;
				GCC_WARN_UNDECLARED_SELECTOR = YES;
				GCC_WARN_UNINITIALIZED_AUTOS = YES_AGGRESSIVE;
				GCC_WARN_UNUSED_FUNCTION = YES;
				GCC_WARN_UNUSED_VARIABLE = YES;
				IPHONEOS_DEPLOYMENT_TARGET = 10.2;
				MTL_ENABLE_DEBUG_INFO = NO;
				SDKROOT = iphoneos;
				VALIDATE_PRODUCT = YES;
			};
			name = Release;
		};
		8EF0E7A41EEA822E00A04F82 /* Debug */ = {
			isa = XCBuildConfiguration;
			buildSettings = {
				ASSETCATALOG_COMPILER_APPICON_NAME = AppIcon;
				DEVELOPMENT_TEAM = 68SA3JHC33;
				INFOPLIST_FILE = XXiOSProject/Info.plist;
				IPHONEOS_DEPLOYMENT_TARGET = 8.0;
				LD_RUNPATH_SEARCH_PATHS = "$(inherited) @executable_path/Frameworks";
				PRODUCT_BUNDLE_IDENTIFIER = cn.xx.XXiOSProject;
				PRODUCT_NAME = "$(TARGET_NAME)";
			};
			name = Debug;
		};
		8EF0E7A51EEA822E00A04F82 /* Release */ = {
			isa = XCBuildConfiguration;
			buildSettings = {
				ASSETCATALOG_COMPILER_APPICON_NAME = AppIcon;
				DEVELOPMENT_TEAM = 68SA3JHC33;
				INFOPLIST_FILE = XXiOSProject/Info.plist;
				IPHONEOS_DEPLOYMENT_TARGET = 8.0;
				LD_RUNPATH_SEARCH_PATHS = "$(inherited) @executable_path/Frameworks";
				PRODUCT_BUNDLE_IDENTIFIER = cn.xx.XXiOSProject;
				PRODUCT_NAME = "$(TARGET_NAME)";
			};
			name = Release;
		};
		8EF0E7A71EEA822E00A04F82 /* Debug */ = {
			isa = XCBuildConfiguration;
			buildSettings = {
				BUNDLE_LOADER = "$(TEST_HOST)";
				DEVELOPMENT_TEAM = 68SA3JHC33;
				INFOPLIST_FILE = XXiOSProjectTests/Info.plist;
				LD_RUNPATH_SEARCH_PATHS = "$(inherited) @executable_path/Frameworks @loader_path/Frameworks";
				PRODUCT_BUNDLE_IDENTIFIER = cn.xx.XXiOSProjectTests;
				PRODUCT_NAME = "$(TARGET_NAME)";
				TEST_HOST = "$(BUILT_PRODUCTS_DIR)/XXiOSProject.app/XXiOSProject";
			};
			name = Debug;
		};
		8EF0E7A81EEA822E00A04F82 /* Release */ = {
			isa = XCBuildConfiguration;
			buildSettings = {
				BUNDLE_LOADER = "$(TEST_HOST)";
				DEVELOPMENT_TEAM = 68SA3JHC33;
				INFOPLIST_FILE = XXiOSProjectTests/Info.plist;
				LD_RUNPATH_SEARCH_PATHS = "$(inherited) @executable_path/Frameworks @loader_path/Frameworks";
				PRODUCT_BUNDLE_IDENTIFIER = cn.xx.XXiOSProjectTests;
				PRODUCT_NAME = "$(TARGET_NAME)";
				TEST_HOST = "$(BUILT_PRODUCTS_DIR)/XXiOSProject.app/XXiOSProject";
			};
			name = Release;
		};
		8EF0E7AA1EEA822E00A04F82 /* Debug */ = {
			isa = XCBuildConfiguration;
			buildSettings = {
				DEVELOPMENT_TEAM = 68SA3JHC33;
				INFOPLIST_FILE = XXiOSProjectUITests/Info.plist;
				LD_RUNPATH_SEARCH_PATHS = "$(inherited) @executable_path/Frameworks @loader_path/Frameworks";
				PRODUCT_BUNDLE_IDENTIFIER = cn.xx.XXiOSProjectUITests;
				PRODUCT_NAME = "$(TARGET_NAME)";
				TEST_TARGET_NAME = XXiOSProject;
			};
			name = Debug;
		};
		8EF0E7AB1EEA822E00A04F82 /* Release */ = {
			isa = XCBuildConfiguration;
			buildSettings = {
				DEVELOPMENT_TEAM = 68SA3JHC33;
				INFOPLIST_FILE = XXiOSProjectUITests/Info.plist;
				LD_RUNPATH_SEARCH_PATHS = "$(inherited) @executable_path/Frameworks @loader_path/Frameworks";
				PRODUCT_BUNDLE_IDENTIFIER = cn.xx.XXiOSProjectUITests;
				PRODUCT_NAME = "$(TARGET_NAME)";
				TEST_TARGET_NAME = XXiOSProject;
			};
			name = Release;
		};
/* End XCBuildConfiguration section */

/* Begin XCConfigurationList section */
		8EF0E7711EEA822D00A04F82 /* Build configuration list for PBXProject "XXiOSProject" */ = {
			isa = XCConfigurationList;
			buildConfigurations = (
				8EF0E7A11EEA822E00A04F82 /* Debug */,
				8EF0E7A21EEA822E00A04F82 /* Release */,
			);
			defaultConfigurationIsVisible = 0;
			defaultConfigurationName = Release;
		};
		8EF0E7A31EEA822E00A04F82 /* Build configuration list for PBXNativeTarget "XXiOSProject" */ = {
			isa = XCConfigurationList;
			buildConfigurations = (
				8EF0E7A41EEA822E00A04F82 /* Debug */,
				8EF0E7A51EEA822E00A04F82 /* Release */,
			);
			defaultConfigurationIsVisible = 0;
			defaultConfigurationName = Release;
		};
		8EF0E7A61EEA822E00A04F82 /* Build configuration list for PBXNativeTarget "XXiOSProjectTests" */ = {
			isa = XCConfigurationList;
			buildConfigurations = (
				8EF0E7A71EEA822E00A04F82 /* Debug */,
				8EF0E7A81EEA822E00A04F82 /* Release */,
			);
			defaultConfigurationIsVisible = 0;
			defaultConfigurationName = Release;
		};
		8EF0E7A91EEA822E00A04F82 /* Build configuration list for PBXNativeTarget "XXiOSProjectUITests" */ = {
			isa = XCConfigurationList;
			buildConfigurations = (
				8EF0E7AA1EEA822E00A04F82 /* Debug */,
				8EF0E7AB1EEA822E00A04F82 /* Release */,
			);
			defaultConfigurationIsVisible = 0;
			defaultConfigurationName = Release;
		};
/* End XCConfigurationList section */
	};
	rootObject = 8EF0E76E1EEA822D00A04F82 /* Project object */;
}
